// !$*UTF8*$!
{
	archiveVersion = 1;
	classes = {
	};
	objectVersion = 50;
	objects = {

/* Begin PBXBuildFile section */
		3E92E8D32F0A10761259B896 /* libPods-WatchTerm WatchKit App.a in Frameworks */ = {isa = PBXBuildFile; fileRef = 2A435971F50BE06F443451D8 /* libPods-WatchTerm WatchKit App.a */; };
		71437FDB3A08E70F996F4E5A /* Pods_WatchTerm_WatchKit_Extension.framework in Frameworks */ = {isa = PBXBuildFile; fileRef = 4A2821508C07592965E8D6B4 /* Pods_WatchTerm_WatchKit_Extension.framework */; };
		866E9273A959E64AAF49E22D /* Pods_WatchTerm.framework in Frameworks */ = {isa = PBXBuildFile; fileRef = 3FF9314BB3E384E62B563EE7 /* Pods_WatchTerm.framework */; };
		B85A07A52238021400CCB039 /* AppDelegate.swift in Sources */ = {isa = PBXBuildFile; fileRef = B85A07A42238021400CCB039 /* AppDelegate.swift */; };
		B85A07A72238021400CCB039 /* CommandsTableVC.swift in Sources */ = {isa = PBXBuildFile; fileRef = B85A07A62238021400CCB039 /* CommandsTableVC.swift */; };
		B85A07AC2238021500CCB039 /* Assets.xcassets in Resources */ = {isa = PBXBuildFile; fileRef = B85A07AB2238021500CCB039 /* Assets.xcassets */; };
		B85A07B42238021500CCB039 /* WatchTerm WatchKit App.app in Embed Watch Content */ = {isa = PBXBuildFile; fileRef = B85A07B32238021500CCB039 /* WatchTerm WatchKit App.app */; };
		B85A07BA2238021500CCB039 /* Interface.storyboard in Resources */ = {isa = PBXBuildFile; fileRef = B85A07B82238021500CCB039 /* Interface.storyboard */; };
		B85A07BC2238021600CCB039 /* Assets.xcassets in Resources */ = {isa = PBXBuildFile; fileRef = B85A07BB2238021600CCB039 /* Assets.xcassets */; };
		B85A07C32238021600CCB039 /* WatchTerm WatchKit Extension.appex in Embed App Extensions */ = {isa = PBXBuildFile; fileRef = B85A07C22238021600CCB039 /* WatchTerm WatchKit Extension.appex */; settings = {ATTRIBUTES = (RemoveHeadersOnCopy, ); }; };
		B85A07C82238021600CCB039 /* InterfaceController.swift in Sources */ = {isa = PBXBuildFile; fileRef = B85A07C72238021600CCB039 /* InterfaceController.swift */; };
		B85A07CA2238021600CCB039 /* ExtensionDelegate.swift in Sources */ = {isa = PBXBuildFile; fileRef = B85A07C92238021600CCB039 /* ExtensionDelegate.swift */; };
		B85A07CC2238021600CCB039 /* NotificationController.swift in Sources */ = {isa = PBXBuildFile; fileRef = B85A07CB2238021600CCB039 /* NotificationController.swift */; };
		B85A07CE2238021600CCB039 /* ComplicationController.swift in Sources */ = {isa = PBXBuildFile; fileRef = B85A07CD2238021600CCB039 /* ComplicationController.swift */; };
		B85A07D02238021600CCB039 /* Assets.xcassets in Resources */ = {isa = PBXBuildFile; fileRef = B85A07CF2238021600CCB039 /* Assets.xcassets */; };
		B85A07E6223811A200CCB039 /* LaunchScreen.storyboard in Resources */ = {isa = PBXBuildFile; fileRef = B85A07E5223811A200CCB039 /* LaunchScreen.storyboard */; };
		B85A07E8223814D400CCB039 /* TabBarController.swift in Sources */ = {isa = PBXBuildFile; fileRef = B85A07E7223814D400CCB039 /* TabBarController.swift */; };
		B85A07EA2238152400CCB039 /* SettingsVC.swift in Sources */ = {isa = PBXBuildFile; fileRef = B85A07E92238152400CCB039 /* SettingsVC.swift */; };
		B85A07EC22381A3E00CCB039 /* CommandsView.swift in Sources */ = {isa = PBXBuildFile; fileRef = B85A07EB22381A3E00CCB039 /* CommandsView.swift */; };
/* End PBXBuildFile section */

/* Begin PBXContainerItemProxy section */
		B85A07B52238021500CCB039 /* PBXContainerItemProxy */ = {
			isa = PBXContainerItemProxy;
			containerPortal = B85A07992238021400CCB039 /* Project object */;
			proxyType = 1;
			remoteGlobalIDString = B85A07B22238021500CCB039;
			remoteInfo = "WatchTerm WatchKit App";
		};
		B85A07C42238021600CCB039 /* PBXContainerItemProxy */ = {
			isa = PBXContainerItemProxy;
			containerPortal = B85A07992238021400CCB039 /* Project object */;
			proxyType = 1;
			remoteGlobalIDString = B85A07C12238021600CCB039;
			remoteInfo = "WatchTerm WatchKit Extension";
		};
/* End PBXContainerItemProxy section */

/* Begin PBXCopyFilesBuildPhase section */
		B85A07D82238021600CCB039 /* Embed App Extensions */ = {
			isa = PBXCopyFilesBuildPhase;
			buildActionMask = 2147483647;
			dstPath = "";
			dstSubfolderSpec = 13;
			files = (
				B85A07C32238021600CCB039 /* WatchTerm WatchKit Extension.appex in Embed App Extensions */,
			);
			name = "Embed App Extensions";
			runOnlyForDeploymentPostprocessing = 0;
		};
		B85A07DC2238021600CCB039 /* Embed Watch Content */ = {
			isa = PBXCopyFilesBuildPhase;
			buildActionMask = 2147483647;
			dstPath = "$(CONTENTS_FOLDER_PATH)/Watch";
			dstSubfolderSpec = 16;
			files = (
				B85A07B42238021500CCB039 /* WatchTerm WatchKit App.app in Embed Watch Content */,
			);
			name = "Embed Watch Content";
			runOnlyForDeploymentPostprocessing = 0;
		};
/* End PBXCopyFilesBuildPhase section */

/* Begin PBXFileReference section */
		07626956D90B9F198AC842B7 /* Pods-WatchTerm.debug.xcconfig */ = {isa = PBXFileReference; includeInIndex = 1; lastKnownFileType = text.xcconfig; name = "Pods-WatchTerm.debug.xcconfig"; path = "Target Support Files/Pods-WatchTerm/Pods-WatchTerm.debug.xcconfig"; sourceTree = "<group>"; };
		2A435971F50BE06F443451D8 /* libPods-WatchTerm WatchKit App.a */ = {isa = PBXFileReference; explicitFileType = archive.ar; includeInIndex = 0; path = "libPods-WatchTerm WatchKit App.a"; sourceTree = BUILT_PRODUCTS_DIR; };
		2CD4D63290E8A77B470F3F72 /* Pods-WatchTerm WatchKit App.debug.xcconfig */ = {isa = PBXFileReference; includeInIndex = 1; lastKnownFileType = text.xcconfig; name = "Pods-WatchTerm WatchKit App.debug.xcconfig"; path = "Target Support Files/Pods-WatchTerm WatchKit App/Pods-WatchTerm WatchKit App.debug.xcconfig"; sourceTree = "<group>"; };
		3FF9314BB3E384E62B563EE7 /* Pods_WatchTerm.framework */ = {isa = PBXFileReference; explicitFileType = wrapper.framework; includeInIndex = 0; path = Pods_WatchTerm.framework; sourceTree = BUILT_PRODUCTS_DIR; };
		474B68D10F429DCD40DB3BA9 /* Pods-WatchTerm.release.xcconfig */ = {isa = PBXFileReference; includeInIndex = 1; lastKnownFileType = text.xcconfig; name = "Pods-WatchTerm.release.xcconfig"; path = "Target Support Files/Pods-WatchTerm/Pods-WatchTerm.release.xcconfig"; sourceTree = "<group>"; };
		4A2821508C07592965E8D6B4 /* Pods_WatchTerm_WatchKit_Extension.framework */ = {isa = PBXFileReference; explicitFileType = wrapper.framework; includeInIndex = 0; path = Pods_WatchTerm_WatchKit_Extension.framework; sourceTree = BUILT_PRODUCTS_DIR; };
		9CCE3E11E3DA7F3766F16C75 /* Pods-WatchTerm WatchKit App.release.xcconfig */ = {isa = PBXFileReference; includeInIndex = 1; lastKnownFileType = text.xcconfig; name = "Pods-WatchTerm WatchKit App.release.xcconfig"; path = "Target Support Files/Pods-WatchTerm WatchKit App/Pods-WatchTerm WatchKit App.release.xcconfig"; sourceTree = "<group>"; };
		B85A07A12238021400CCB039 /* WatchTerm.app */ = {isa = PBXFileReference; explicitFileType = wrapper.application; includeInIndex = 0; path = WatchTerm.app; sourceTree = BUILT_PRODUCTS_DIR; };
		B85A07A42238021400CCB039 /* AppDelegate.swift */ = {isa = PBXFileReference; lastKnownFileType = sourcecode.swift; path = AppDelegate.swift; sourceTree = "<group>"; };
		B85A07A62238021400CCB039 /* CommandsTableVC.swift */ = {isa = PBXFileReference; lastKnownFileType = sourcecode.swift; path = CommandsTableVC.swift; sourceTree = "<group>"; };
		B85A07AB2238021500CCB039 /* Assets.xcassets */ = {isa = PBXFileReference; lastKnownFileType = folder.assetcatalog; path = Assets.xcassets; sourceTree = "<group>"; };
		B85A07B02238021500CCB039 /* Info.plist */ = {isa = PBXFileReference; lastKnownFileType = text.plist.xml; path = Info.plist; sourceTree = "<group>"; };
		B85A07B32238021500CCB039 /* WatchTerm WatchKit App.app */ = {isa = PBXFileReference; explicitFileType = wrapper.application; includeInIndex = 0; path = "WatchTerm WatchKit App.app"; sourceTree = BUILT_PRODUCTS_DIR; };
		B85A07B92238021500CCB039 /* Base */ = {isa = PBXFileReference; lastKnownFileType = file.storyboard; name = Base; path = Base.lproj/Interface.storyboard; sourceTree = "<group>"; };
		B85A07BB2238021600CCB039 /* Assets.xcassets */ = {isa = PBXFileReference; lastKnownFileType = folder.assetcatalog; path = Assets.xcassets; sourceTree = "<group>"; };
		B85A07BD2238021600CCB039 /* Info.plist */ = {isa = PBXFileReference; lastKnownFileType = text.plist.xml; path = Info.plist; sourceTree = "<group>"; };
		B85A07C22238021600CCB039 /* WatchTerm WatchKit Extension.appex */ = {isa = PBXFileReference; explicitFileType = "wrapper.app-extension"; includeInIndex = 0; path = "WatchTerm WatchKit Extension.appex"; sourceTree = BUILT_PRODUCTS_DIR; };
		B85A07C72238021600CCB039 /* InterfaceController.swift */ = {isa = PBXFileReference; lastKnownFileType = sourcecode.swift; path = InterfaceController.swift; sourceTree = "<group>"; };
		B85A07C92238021600CCB039 /* ExtensionDelegate.swift */ = {isa = PBXFileReference; lastKnownFileType = sourcecode.swift; path = ExtensionDelegate.swift; sourceTree = "<group>"; };
		B85A07CB2238021600CCB039 /* NotificationController.swift */ = {isa = PBXFileReference; lastKnownFileType = sourcecode.swift; path = NotificationController.swift; sourceTree = "<group>"; };
		B85A07CD2238021600CCB039 /* ComplicationController.swift */ = {isa = PBXFileReference; lastKnownFileType = sourcecode.swift; path = ComplicationController.swift; sourceTree = "<group>"; };
		B85A07CF2238021600CCB039 /* Assets.xcassets */ = {isa = PBXFileReference; lastKnownFileType = folder.assetcatalog; path = Assets.xcassets; sourceTree = "<group>"; };
		B85A07D12238021600CCB039 /* Info.plist */ = {isa = PBXFileReference; lastKnownFileType = text.plist.xml; path = Info.plist; sourceTree = "<group>"; };
		B85A07D22238021600CCB039 /* PushNotificationPayload.apns */ = {isa = PBXFileReference; lastKnownFileType = text; path = PushNotificationPayload.apns; sourceTree = "<group>"; };
		B85A07E5223811A200CCB039 /* LaunchScreen.storyboard */ = {isa = PBXFileReference; fileEncoding = 4; lastKnownFileType = file.storyboard; path = LaunchScreen.storyboard; sourceTree = "<group>"; };
		B85A07E7223814D400CCB039 /* TabBarController.swift */ = {isa = PBXFileReference; lastKnownFileType = sourcecode.swift; path = TabBarController.swift; sourceTree = "<group>"; };
		B85A07E92238152400CCB039 /* SettingsVC.swift */ = {isa = PBXFileReference; lastKnownFileType = sourcecode.swift; path = SettingsVC.swift; sourceTree = "<group>"; };
		B85A07EB22381A3E00CCB039 /* CommandsView.swift */ = {isa = PBXFileReference; lastKnownFileType = sourcecode.swift; path = CommandsView.swift; sourceTree = "<group>"; };
		CE0AA703EE12FD44543144A0 /* Pods-WatchTerm WatchKit Extension.debug.xcconfig */ = {isa = PBXFileReference; includeInIndex = 1; lastKnownFileType = text.xcconfig; name = "Pods-WatchTerm WatchKit Extension.debug.xcconfig"; path = "Target Support Files/Pods-WatchTerm WatchKit Extension/Pods-WatchTerm WatchKit Extension.debug.xcconfig"; sourceTree = "<group>"; };
		E675332E408164CF1B4209CC /* Pods-WatchTerm WatchKit Extension.release.xcconfig */ = {isa = PBXFileReference; includeInIndex = 1; lastKnownFileType = text.xcconfig; name = "Pods-WatchTerm WatchKit Extension.release.xcconfig"; path = "Target Support Files/Pods-WatchTerm WatchKit Extension/Pods-WatchTerm WatchKit Extension.release.xcconfig"; sourceTree = "<group>"; };
/* End PBXFileReference section */

/* Begin PBXFrameworksBuildPhase section */
		9A4952594C07EAAA1416C02D /* Frameworks */ = {
			isa = PBXFrameworksBuildPhase;
			buildActionMask = 2147483647;
			files = (
				3E92E8D32F0A10761259B896 /* libPods-WatchTerm WatchKit App.a in Frameworks */,
			);
			runOnlyForDeploymentPostprocessing = 0;
		};
		B85A079E2238021400CCB039 /* Frameworks */ = {
			isa = PBXFrameworksBuildPhase;
			buildActionMask = 2147483647;
			files = (
				866E9273A959E64AAF49E22D /* Pods_WatchTerm.framework in Frameworks */,
			);
			runOnlyForDeploymentPostprocessing = 0;
		};
		B85A07BF2238021600CCB039 /* Frameworks */ = {
			isa = PBXFrameworksBuildPhase;
			buildActionMask = 2147483647;
			files = (
				71437FDB3A08E70F996F4E5A /* Pods_WatchTerm_WatchKit_Extension.framework in Frameworks */,
			);
			runOnlyForDeploymentPostprocessing = 0;
		};
/* End PBXFrameworksBuildPhase section */

/* Begin PBXGroup section */
		5FF83FE292B90F66CC35C7BA /* Pods */ = {
			isa = PBXGroup;
			children = (
				07626956D90B9F198AC842B7 /* Pods-WatchTerm.debug.xcconfig */,
				474B68D10F429DCD40DB3BA9 /* Pods-WatchTerm.release.xcconfig */,
				2CD4D63290E8A77B470F3F72 /* Pods-WatchTerm WatchKit App.debug.xcconfig */,
				9CCE3E11E3DA7F3766F16C75 /* Pods-WatchTerm WatchKit App.release.xcconfig */,
				CE0AA703EE12FD44543144A0 /* Pods-WatchTerm WatchKit Extension.debug.xcconfig */,
				E675332E408164CF1B4209CC /* Pods-WatchTerm WatchKit Extension.release.xcconfig */,
			);
			path = Pods;
			sourceTree = "<group>";
		};
		B85A07982238021400CCB039 = {
			isa = PBXGroup;
			children = (
				B85A07A32238021400CCB039 /* WatchTerm */,
				B85A07B72238021500CCB039 /* WatchTerm WatchKit App */,
				B85A07C62238021600CCB039 /* WatchTerm WatchKit Extension */,
				B85A07A22238021400CCB039 /* Products */,
				5FF83FE292B90F66CC35C7BA /* Pods */,
				DBF84CC9990ED929227E3436 /* Frameworks */,
			);
			sourceTree = "<group>";
		};
		B85A07A22238021400CCB039 /* Products */ = {
			isa = PBXGroup;
			children = (
				B85A07A12238021400CCB039 /* WatchTerm.app */,
				B85A07B32238021500CCB039 /* WatchTerm WatchKit App.app */,
				B85A07C22238021600CCB039 /* WatchTerm WatchKit Extension.appex */,
			);
			name = Products;
			sourceTree = "<group>";
		};
		B85A07A32238021400CCB039 /* WatchTerm */ = {
			isa = PBXGroup;
			children = (
				B85A07E222380E4D00CCB039 /* Model */,
				B85A07E022380DA300CCB039 /* View */,
				B85A07E122380DB700CCB039 /* Controller */,
				B85A07E422380E5600CCB039 /* Supporting Files */,
				B85A07B02238021500CCB039 /* Info.plist */,
			);
			path = WatchTerm;
			sourceTree = "<group>";
		};
		B85A07B72238021500CCB039 /* WatchTerm WatchKit App */ = {
			isa = PBXGroup;
			children = (
				B85A07B82238021500CCB039 /* Interface.storyboard */,
				B85A07BB2238021600CCB039 /* Assets.xcassets */,
				B85A07BD2238021600CCB039 /* Info.plist */,
			);
			path = "WatchTerm WatchKit App";
			sourceTree = "<group>";
		};
		B85A07C62238021600CCB039 /* WatchTerm WatchKit Extension */ = {
			isa = PBXGroup;
			children = (
				B85A07C72238021600CCB039 /* InterfaceController.swift */,
				B85A07C92238021600CCB039 /* ExtensionDelegate.swift */,
				B85A07CB2238021600CCB039 /* NotificationController.swift */,
				B85A07CD2238021600CCB039 /* ComplicationController.swift */,
				B85A07CF2238021600CCB039 /* Assets.xcassets */,
				B85A07D12238021600CCB039 /* Info.plist */,
				B85A07D22238021600CCB039 /* PushNotificationPayload.apns */,
			);
			path = "WatchTerm WatchKit Extension";
			sourceTree = "<group>";
		};
		B85A07E022380DA300CCB039 /* View */ = {
			isa = PBXGroup;
			children = (
				B85A07EB22381A3E00CCB039 /* CommandsView.swift */,
			);
			path = View;
			sourceTree = "<group>";
		};
		B85A07E122380DB700CCB039 /* Controller */ = {
			isa = PBXGroup;
			children = (
				B85A07A62238021400CCB039 /* CommandsTableVC.swift */,
				B85A07E7223814D400CCB039 /* TabBarController.swift */,
				B85A07E92238152400CCB039 /* SettingsVC.swift */,
			);
			path = Controller;
			sourceTree = "<group>";
		};
		B85A07E222380E4D00CCB039 /* Model */ = {
			isa = PBXGroup;
			children = (
			);
			path = Model;
			sourceTree = "<group>";
		};
		B85A07E422380E5600CCB039 /* Supporting Files */ = {
			isa = PBXGroup;
			children = (
				B85A07A42238021400CCB039 /* AppDelegate.swift */,
				B85A07E5223811A200CCB039 /* LaunchScreen.storyboard */,
				B85A07AB2238021500CCB039 /* Assets.xcassets */,
			);
			path = "Supporting Files";
			sourceTree = "<group>";
		};
		DBF84CC9990ED929227E3436 /* Frameworks */ = {
			isa = PBXGroup;
			children = (
				3FF9314BB3E384E62B563EE7 /* Pods_WatchTerm.framework */,
				2A435971F50BE06F443451D8 /* libPods-WatchTerm WatchKit App.a */,
				4A2821508C07592965E8D6B4 /* Pods_WatchTerm_WatchKit_Extension.framework */,
			);
			name = Frameworks;
			sourceTree = "<group>";
		};
/* End PBXGroup section */

/* Begin PBXNativeTarget section */
		B85A07A02238021400CCB039 /* WatchTerm */ = {
			isa = PBXNativeTarget;
			buildConfigurationList = B85A07DD2238021600CCB039 /* Build configuration list for PBXNativeTarget "WatchTerm" */;
			buildPhases = (
				74EA7BF85457DFF8E72547C6 /* [CP] Check Pods Manifest.lock */,
				B85A079D2238021400CCB039 /* Sources */,
				B85A079E2238021400CCB039 /* Frameworks */,
				B85A079F2238021400CCB039 /* Resources */,
				B85A07DC2238021600CCB039 /* Embed Watch Content */,
				2BF31F552E90530EE0A13879 /* [CP] Embed Pods Frameworks */,
			);
			buildRules = (
			);
			dependencies = (
				B85A07B62238021500CCB039 /* PBXTargetDependency */,
			);
			name = WatchTerm;
			productName = WatchTerm;
			productReference = B85A07A12238021400CCB039 /* WatchTerm.app */;
			productType = "com.apple.product-type.application";
		};
		B85A07B22238021500CCB039 /* WatchTerm WatchKit App */ = {
			isa = PBXNativeTarget;
			buildConfigurationList = B85A07D92238021600CCB039 /* Build configuration list for PBXNativeTarget "WatchTerm WatchKit App" */;
			buildPhases = (
				E1ED42A36BD2DAF3C807A160 /* [CP] Check Pods Manifest.lock */,
				B85A07B12238021500CCB039 /* Resources */,
				B85A07D82238021600CCB039 /* Embed App Extensions */,
				9A4952594C07EAAA1416C02D /* Frameworks */,
			);
			buildRules = (
			);
			dependencies = (
				B85A07C52238021600CCB039 /* PBXTargetDependency */,
			);
			name = "WatchTerm WatchKit App";
			productName = "WatchTerm WatchKit App";
			productReference = B85A07B32238021500CCB039 /* WatchTerm WatchKit App.app */;
			productType = "com.apple.product-type.application.watchapp2";
		};
		B85A07C12238021600CCB039 /* WatchTerm WatchKit Extension */ = {
			isa = PBXNativeTarget;
			buildConfigurationList = B85A07D52238021600CCB039 /* Build configuration list for PBXNativeTarget "WatchTerm WatchKit Extension" */;
			buildPhases = (
				73461534BD9288C5B6008BE0 /* [CP] Check Pods Manifest.lock */,
				B85A07BE2238021600CCB039 /* Sources */,
				B85A07BF2238021600CCB039 /* Frameworks */,
				B85A07C02238021600CCB039 /* Resources */,
			);
			buildRules = (
			);
			dependencies = (
			);
			name = "WatchTerm WatchKit Extension";
			productName = "WatchTerm WatchKit Extension";
			productReference = B85A07C22238021600CCB039 /* WatchTerm WatchKit Extension.appex */;
			productType = "com.apple.product-type.watchkit2-extension";
		};
/* End PBXNativeTarget section */

/* Begin PBXProject section */
		B85A07992238021400CCB039 /* Project object */ = {
			isa = PBXProject;
			attributes = {
				LastSwiftUpdateCheck = 1020;
				LastUpgradeCheck = 1020;
				ORGANIZATIONNAME = "Vlad Munteanu";
				TargetAttributes = {
					B85A07A02238021400CCB039 = {
						CreatedOnToolsVersion = 10.2;
					};
					B85A07B22238021500CCB039 = {
						CreatedOnToolsVersion = 10.2;
					};
					B85A07C12238021600CCB039 = {
						CreatedOnToolsVersion = 10.2;
					};
				};
			};
			buildConfigurationList = B85A079C2238021400CCB039 /* Build configuration list for PBXProject "WatchTerm" */;
			compatibilityVersion = "Xcode 9.3";
			developmentRegion = en;
			hasScannedForEncodings = 0;
			knownRegions = (
				en,
				Base,
			);
			mainGroup = B85A07982238021400CCB039;
			productRefGroup = B85A07A22238021400CCB039 /* Products */;
			projectDirPath = "";
			projectRoot = "";
			targets = (
				B85A07A02238021400CCB039 /* WatchTerm */,
				B85A07B22238021500CCB039 /* WatchTerm WatchKit App */,
				B85A07C12238021600CCB039 /* WatchTerm WatchKit Extension */,
			);
		};
/* End PBXProject section */

/* Begin PBXResourcesBuildPhase section */
		B85A079F2238021400CCB039 /* Resources */ = {
			isa = PBXResourcesBuildPhase;
			buildActionMask = 2147483647;
			files = (
				B85A07AC2238021500CCB039 /* Assets.xcassets in Resources */,
				B85A07E6223811A200CCB039 /* LaunchScreen.storyboard in Resources */,
			);
			runOnlyForDeploymentPostprocessing = 0;
		};
		B85A07B12238021500CCB039 /* Resources */ = {
			isa = PBXResourcesBuildPhase;
			buildActionMask = 2147483647;
			files = (
				B85A07BC2238021600CCB039 /* Assets.xcassets in Resources */,
				B85A07BA2238021500CCB039 /* Interface.storyboard in Resources */,
			);
			runOnlyForDeploymentPostprocessing = 0;
		};
		B85A07C02238021600CCB039 /* Resources */ = {
			isa = PBXResourcesBuildPhase;
			buildActionMask = 2147483647;
			files = (
				B85A07D02238021600CCB039 /* Assets.xcassets in Resources */,
			);
			runOnlyForDeploymentPostprocessing = 0;
		};
/* End PBXResourcesBuildPhase section */

/* Begin PBXShellScriptBuildPhase section */
		2BF31F552E90530EE0A13879 /* [CP] Embed Pods Frameworks */ = {
			isa = PBXShellScriptBuildPhase;
			buildActionMask = 2147483647;
			files = (
			);
			inputFileListPaths = (
			);
			inputPaths = (
				"${PODS_ROOT}/Target Support Files/Pods-WatchTerm/Pods-WatchTerm-frameworks.sh",
				"${BUILT_PRODUCTS_DIR}/NMSSH/NMSSH.framework",
				"${BUILT_PRODUCTS_DIR}/PVPMikrotikSSH/PVPMikrotikSSH.framework",
				"${BUILT_PRODUCTS_DIR}/SnapKit/SnapKit.framework",
			);
			name = "[CP] Embed Pods Frameworks";
			outputFileListPaths = (
			);
			outputPaths = (
				"${TARGET_BUILD_DIR}/${FRAMEWORKS_FOLDER_PATH}/NMSSH.framework",
				"${TARGET_BUILD_DIR}/${FRAMEWORKS_FOLDER_PATH}/PVPMikrotikSSH.framework",
				"${TARGET_BUILD_DIR}/${FRAMEWORKS_FOLDER_PATH}/SnapKit.framework",
			);
			runOnlyForDeploymentPostprocessing = 0;
			shellPath = /bin/sh;
			shellScript = "\"${PODS_ROOT}/Target Support Files/Pods-WatchTerm/Pods-WatchTerm-frameworks.sh\"\n";
			showEnvVarsInLog = 0;
		};
		73461534BD9288C5B6008BE0 /* [CP] Check Pods Manifest.lock */ = {
			isa = PBXShellScriptBuildPhase;
			buildActionMask = 2147483647;
			files = (
			);
			inputFileListPaths = (
			);
			inputPaths = (
				"${PODS_PODFILE_DIR_PATH}/Podfile.lock",
				"${PODS_ROOT}/Manifest.lock",
			);
			name = "[CP] Check Pods Manifest.lock";
			outputFileListPaths = (
			);
			outputPaths = (
				"$(DERIVED_FILE_DIR)/Pods-WatchTerm WatchKit Extension-checkManifestLockResult.txt",
			);
			runOnlyForDeploymentPostprocessing = 0;
			shellPath = /bin/sh;
			shellScript = "diff \"${PODS_PODFILE_DIR_PATH}/Podfile.lock\" \"${PODS_ROOT}/Manifest.lock\" > /dev/null\nif [ $? != 0 ] ; then\n    # print error to STDERR\n    echo \"error: The sandbox is not in sync with the Podfile.lock. Run 'pod install' or update your CocoaPods installation.\" >&2\n    exit 1\nfi\n# This output is used by Xcode 'outputs' to avoid re-running this script phase.\necho \"SUCCESS\" > \"${SCRIPT_OUTPUT_FILE_0}\"\n";
			showEnvVarsInLog = 0;
		};
		74EA7BF85457DFF8E72547C6 /* [CP] Check Pods Manifest.lock */ = {
			isa = PBXShellScriptBuildPhase;
			buildActionMask = 2147483647;
			files = (
			);
			inputFileListPaths = (
			);
			inputPaths = (
				"${PODS_PODFILE_DIR_PATH}/Podfile.lock",
				"${PODS_ROOT}/Manifest.lock",
			);
			name = "[CP] Check Pods Manifest.lock";
			outputFileListPaths = (
			);
			outputPaths = (
				"$(DERIVED_FILE_DIR)/Pods-WatchTerm-checkManifestLockResult.txt",
			);
			runOnlyForDeploymentPostprocessing = 0;
			shellPath = /bin/sh;
			shellScript = "diff \"${PODS_PODFILE_DIR_PATH}/Podfile.lock\" \"${PODS_ROOT}/Manifest.lock\" > /dev/null\nif [ $? != 0 ] ; then\n    # print error to STDERR\n    echo \"error: The sandbox is not in sync with the Podfile.lock. Run 'pod install' or update your CocoaPods installation.\" >&2\n    exit 1\nfi\n# This output is used by Xcode 'outputs' to avoid re-running this script phase.\necho \"SUCCESS\" > \"${SCRIPT_OUTPUT_FILE_0}\"\n";
			showEnvVarsInLog = 0;
		};
		E1ED42A36BD2DAF3C807A160 /* [CP] Check Pods Manifest.lock */ = {
			isa = PBXShellScriptBuildPhase;
			buildActionMask = 2147483647;
			files = (
			);
			inputFileListPaths = (
			);
			inputPaths = (
				"${PODS_PODFILE_DIR_PATH}/Podfile.lock",
				"${PODS_ROOT}/Manifest.lock",
			);
			name = "[CP] Check Pods Manifest.lock";
			outputFileListPaths = (
			);
			outputPaths = (
				"$(DERIVED_FILE_DIR)/Pods-WatchTerm WatchKit App-checkManifestLockResult.txt",
			);
			runOnlyForDeploymentPostprocessing = 0;
			shellPath = /bin/sh;
			shellScript = "diff \"${PODS_PODFILE_DIR_PATH}/Podfile.lock\" \"${PODS_ROOT}/Manifest.lock\" > /dev/null\nif [ $? != 0 ] ; then\n    # print error to STDERR\n    echo \"error: The sandbox is not in sync with the Podfile.lock. Run 'pod install' or update your CocoaPods installation.\" >&2\n    exit 1\nfi\n# This output is used by Xcode 'outputs' to avoid re-running this script phase.\necho \"SUCCESS\" > \"${SCRIPT_OUTPUT_FILE_0}\"\n";
			showEnvVarsInLog = 0;
		};
/* End PBXShellScriptBuildPhase section */

/* Begin PBXSourcesBuildPhase section */
		B85A079D2238021400CCB039 /* Sources */ = {
			isa = PBXSourcesBuildPhase;
			buildActionMask = 2147483647;
			files = (
				B85A07E8223814D400CCB039 /* TabBarController.swift in Sources */,
				B85A07EA2238152400CCB039 /* SettingsVC.swift in Sources */,
				B85A07EC22381A3E00CCB039 /* CommandsView.swift in Sources */,
				B85A07A72238021400CCB039 /* CommandsTableVC.swift in Sources */,
				B85A07A52238021400CCB039 /* AppDelegate.swift in Sources */,
			);
			runOnlyForDeploymentPostprocessing = 0;
		};
		B85A07BE2238021600CCB039 /* Sources */ = {
			isa = PBXSourcesBuildPhase;
			buildActionMask = 2147483647;
			files = (
				B85A07CC2238021600CCB039 /* NotificationController.swift in Sources */,
				B85A07CE2238021600CCB039 /* ComplicationController.swift in Sources */,
				B85A07CA2238021600CCB039 /* ExtensionDelegate.swift in Sources */,
				B85A07C82238021600CCB039 /* InterfaceController.swift in Sources */,
			);
			runOnlyForDeploymentPostprocessing = 0;
		};
/* End PBXSourcesBuildPhase section */

/* Begin PBXTargetDependency section */
		B85A07B62238021500CCB039 /* PBXTargetDependency */ = {
			isa = PBXTargetDependency;
			target = B85A07B22238021500CCB039 /* WatchTerm WatchKit App */;
			targetProxy = B85A07B52238021500CCB039 /* PBXContainerItemProxy */;
		};
		B85A07C52238021600CCB039 /* PBXTargetDependency */ = {
			isa = PBXTargetDependency;
			target = B85A07C12238021600CCB039 /* WatchTerm WatchKit Extension */;
			targetProxy = B85A07C42238021600CCB039 /* PBXContainerItemProxy */;
		};
/* End PBXTargetDependency section */

/* Begin PBXVariantGroup section */
		B85A07B82238021500CCB039 /* Interface.storyboard */ = {
			isa = PBXVariantGroup;
			children = (
				B85A07B92238021500CCB039 /* Base */,
			);
			name = Interface.storyboard;
			sourceTree = "<group>";
		};
/* End PBXVariantGroup section */

/* Begin XCBuildConfiguration section */
		B85A07D32238021600CCB039 /* Debug */ = {
			isa = XCBuildConfiguration;
			buildSettings = {
				ALWAYS_SEARCH_USER_PATHS = NO;
				CLANG_ANALYZER_NONNULL = YES;
				CLANG_ANALYZER_NUMBER_OBJECT_CONVERSION = YES_AGGRESSIVE;
				CLANG_CXX_LANGUAGE_STANDARD = "gnu++14";
				CLANG_CXX_LIBRARY = "libc++";
				CLANG_ENABLE_MODULES = YES;
				CLANG_ENABLE_OBJC_ARC = YES;
				CLANG_ENABLE_OBJC_WEAK = YES;
				CLANG_WARN_BLOCK_CAPTURE_AUTORELEASING = YES;
				CLANG_WARN_BOOL_CONVERSION = YES;
				CLANG_WARN_COMMA = YES;
				CLANG_WARN_CONSTANT_CONVERSION = YES;
				CLANG_WARN_DEPRECATED_OBJC_IMPLEMENTATIONS = YES;
				CLANG_WARN_DIRECT_OBJC_ISA_USAGE = YES_ERROR;
				CLANG_WARN_DOCUMENTATION_COMMENTS = YES;
				CLANG_WARN_EMPTY_BODY = YES;
				CLANG_WARN_ENUM_CONVERSION = YES;
				CLANG_WARN_INFINITE_RECURSION = YES;
				CLANG_WARN_INT_CONVERSION = YES;
				CLANG_WARN_NON_LITERAL_NULL_CONVERSION = YES;
				CLANG_WARN_OBJC_IMPLICIT_RETAIN_SELF = YES;
				CLANG_WARN_OBJC_LITERAL_CONVERSION = YES;
				CLANG_WARN_OBJC_ROOT_CLASS = YES_ERROR;
				CLANG_WARN_RANGE_LOOP_ANALYSIS = YES;
				CLANG_WARN_STRICT_PROTOTYPES = YES;
				CLANG_WARN_SUSPICIOUS_MOVE = YES;
				CLANG_WARN_UNGUARDED_AVAILABILITY = YES_AGGRESSIVE;
				CLANG_WARN_UNREACHABLE_CODE = YES;
				CLANG_WARN__DUPLICATE_METHOD_MATCH = YES;
				CODE_SIGN_IDENTITY = "iPhone Developer";
				COPY_PHASE_STRIP = NO;
				DEBUG_INFORMATION_FORMAT = dwarf;
				ENABLE_STRICT_OBJC_MSGSEND = YES;
				ENABLE_TESTABILITY = YES;
				GCC_C_LANGUAGE_STANDARD = gnu11;
				GCC_DYNAMIC_NO_PIC = NO;
				GCC_NO_COMMON_BLOCKS = YES;
				GCC_OPTIMIZATION_LEVEL = 0;
				GCC_PREPROCESSOR_DEFINITIONS = (
					"DEBUG=1",
					"$(inherited)",
				);
				GCC_WARN_64_TO_32_BIT_CONVERSION = YES;
				GCC_WARN_ABOUT_RETURN_TYPE = YES_ERROR;
				GCC_WARN_UNDECLARED_SELECTOR = YES;
				GCC_WARN_UNINITIALIZED_AUTOS = YES_AGGRESSIVE;
				GCC_WARN_UNUSED_FUNCTION = YES;
				GCC_WARN_UNUSED_VARIABLE = YES;
				IPHONEOS_DEPLOYMENT_TARGET = 10.0;
				MTL_ENABLE_DEBUG_INFO = INCLUDE_SOURCE;
				MTL_FAST_MATH = YES;
				ONLY_ACTIVE_ARCH = YES;
				SDKROOT = iphoneos;
				SWIFT_ACTIVE_COMPILATION_CONDITIONS = DEBUG;
				SWIFT_OPTIMIZATION_LEVEL = "-Onone";
			};
			name = Debug;
		};
		B85A07D42238021600CCB039 /* Release */ = {
			isa = XCBuildConfiguration;
			buildSettings = {
				ALWAYS_SEARCH_USER_PATHS = NO;
				CLANG_ANALYZER_NONNULL = YES;
				CLANG_ANALYZER_NUMBER_OBJECT_CONVERSION = YES_AGGRESSIVE;
				CLANG_CXX_LANGUAGE_STANDARD = "gnu++14";
				CLANG_CXX_LIBRARY = "libc++";
				CLANG_ENABLE_MODULES = YES;
				CLANG_ENABLE_OBJC_ARC = YES;
				CLANG_ENABLE_OBJC_WEAK = YES;
				CLANG_WARN_BLOCK_CAPTURE_AUTORELEASING = YES;
				CLANG_WARN_BOOL_CONVERSION = YES;
				CLANG_WARN_COMMA = YES;
				CLANG_WARN_CONSTANT_CONVERSION = YES;
				CLANG_WARN_DEPRECATED_OBJC_IMPLEMENTATIONS = YES;
				CLANG_WARN_DIRECT_OBJC_ISA_USAGE = YES_ERROR;
				CLANG_WARN_DOCUMENTATION_COMMENTS = YES;
				CLANG_WARN_EMPTY_BODY = YES;
				CLANG_WARN_ENUM_CONVERSION = YES;
				CLANG_WARN_INFINITE_RECURSION = YES;
				CLANG_WARN_INT_CONVERSION = YES;
				CLANG_WARN_NON_LITERAL_NULL_CONVERSION = YES;
				CLANG_WARN_OBJC_IMPLICIT_RETAIN_SELF = YES;
				CLANG_WARN_OBJC_LITERAL_CONVERSION = YES;
				CLANG_WARN_OBJC_ROOT_CLASS = YES_ERROR;
				CLANG_WARN_RANGE_LOOP_ANALYSIS = YES;
				CLANG_WARN_STRICT_PROTOTYPES = YES;
				CLANG_WARN_SUSPICIOUS_MOVE = YES;
				CLANG_WARN_UNGUARDED_AVAILABILITY = YES_AGGRESSIVE;
				CLANG_WARN_UNREACHABLE_CODE = YES;
				CLANG_WARN__DUPLICATE_METHOD_MATCH = YES;
				CODE_SIGN_IDENTITY = "iPhone Developer";
				COPY_PHASE_STRIP = NO;
				DEBUG_INFORMATION_FORMAT = "dwarf-with-dsym";
				ENABLE_NS_ASSERTIONS = NO;
				ENABLE_STRICT_OBJC_MSGSEND = YES;
				GCC_C_LANGUAGE_STANDARD = gnu11;
				GCC_NO_COMMON_BLOCKS = YES;
				GCC_WARN_64_TO_32_BIT_CONVERSION = YES;
				GCC_WARN_ABOUT_RETURN_TYPE = YES_ERROR;
				GCC_WARN_UNDECLARED_SELECTOR = YES;
				GCC_WARN_UNINITIALIZED_AUTOS = YES_AGGRESSIVE;
				GCC_WARN_UNUSED_FUNCTION = YES;
				GCC_WARN_UNUSED_VARIABLE = YES;
				IPHONEOS_DEPLOYMENT_TARGET = 10.0;
				MTL_ENABLE_DEBUG_INFO = NO;
				MTL_FAST_MATH = YES;
				SDKROOT = iphoneos;
				SWIFT_COMPILATION_MODE = wholemodule;
				SWIFT_OPTIMIZATION_LEVEL = "-O";
				VALIDATE_PRODUCT = YES;
			};
			name = Release;
		};
		B85A07D62238021600CCB039 /* Debug */ = {
			isa = XCBuildConfiguration;
			baseConfigurationReference = CE0AA703EE12FD44543144A0 /* Pods-WatchTerm WatchKit Extension.debug.xcconfig */;
			buildSettings = {
				ASSETCATALOG_COMPILER_COMPLICATION_NAME = Complication;
				CODE_SIGN_STYLE = Automatic;
				DEVELOPMENT_TEAM = B8C8RXSHKT;
				INFOPLIST_FILE = "WatchTerm WatchKit Extension/Info.plist";
				LD_RUNPATH_SEARCH_PATHS = (
					"$(inherited)",
					"@executable_path/Frameworks",
					"@executable_path/../../Frameworks",
				);
				PRODUCT_BUNDLE_IDENTIFIER = LesGarcons.WatchTerm.watchkitapp.watchkitextension;
				PRODUCT_NAME = "${TARGET_NAME}";
				SDKROOT = watchos;
				SKIP_INSTALL = YES;
				SWIFT_VERSION = 5.0;
				TARGETED_DEVICE_FAMILY = 4;
				WATCHOS_DEPLOYMENT_TARGET = 4.0;
			};
			name = Debug;
		};
		B85A07D72238021600CCB039 /* Release */ = {
			isa = XCBuildConfiguration;
			baseConfigurationReference = E675332E408164CF1B4209CC /* Pods-WatchTerm WatchKit Extension.release.xcconfig */;
			buildSettings = {
				ASSETCATALOG_COMPILER_COMPLICATION_NAME = Complication;
				CODE_SIGN_STYLE = Automatic;
				DEVELOPMENT_TEAM = B8C8RXSHKT;
				INFOPLIST_FILE = "WatchTerm WatchKit Extension/Info.plist";
				LD_RUNPATH_SEARCH_PATHS = (
					"$(inherited)",
					"@executable_path/Frameworks",
					"@executable_path/../../Frameworks",
				);
				PRODUCT_BUNDLE_IDENTIFIER = LesGarcons.WatchTerm.watchkitapp.watchkitextension;
				PRODUCT_NAME = "${TARGET_NAME}";
				SDKROOT = watchos;
				SKIP_INSTALL = YES;
				SWIFT_VERSION = 5.0;
				TARGETED_DEVICE_FAMILY = 4;
				WATCHOS_DEPLOYMENT_TARGET = 4.0;
			};
			name = Release;
		};
		B85A07DA2238021600CCB039 /* Debug */ = {
			isa = XCBuildConfiguration;
			baseConfigurationReference = 2CD4D63290E8A77B470F3F72 /* Pods-WatchTerm WatchKit App.debug.xcconfig */;
			buildSettings = {
				ALWAYS_EMBED_SWIFT_STANDARD_LIBRARIES = YES;
				ASSETCATALOG_COMPILER_APPICON_NAME = AppIcon;
				CODE_SIGN_STYLE = Automatic;
				DEVELOPMENT_TEAM = B8C8RXSHKT;
				IBSC_MODULE = WatchTerm_WatchKit_Extension;
				INFOPLIST_FILE = "WatchTerm WatchKit App/Info.plist";
				PRODUCT_BUNDLE_IDENTIFIER = LesGarcons.WatchTerm.watchkitapp;
				PRODUCT_NAME = "$(TARGET_NAME)";
				SDKROOT = watchos;
				SKIP_INSTALL = YES;
				SWIFT_VERSION = 5.0;
				TARGETED_DEVICE_FAMILY = 4;
				WATCHOS_DEPLOYMENT_TARGET = 4.0;
			};
			name = Debug;
		};
		B85A07DB2238021600CCB039 /* Release */ = {
			isa = XCBuildConfiguration;
			baseConfigurationReference = 9CCE3E11E3DA7F3766F16C75 /* Pods-WatchTerm WatchKit App.release.xcconfig */;
			buildSettings = {
				ALWAYS_EMBED_SWIFT_STANDARD_LIBRARIES = YES;
				ASSETCATALOG_COMPILER_APPICON_NAME = AppIcon;
				CODE_SIGN_STYLE = Automatic;
				DEVELOPMENT_TEAM = B8C8RXSHKT;
				IBSC_MODULE = WatchTerm_WatchKit_Extension;
				INFOPLIST_FILE = "WatchTerm WatchKit App/Info.plist";
				PRODUCT_BUNDLE_IDENTIFIER = LesGarcons.WatchTerm.watchkitapp;
				PRODUCT_NAME = "$(TARGET_NAME)";
				SDKROOT = watchos;
				SKIP_INSTALL = YES;
				SWIFT_VERSION = 5.0;
				TARGETED_DEVICE_FAMILY = 4;
				WATCHOS_DEPLOYMENT_TARGET = 4.0;
			};
			name = Release;
		};
		B85A07DE2238021600CCB039 /* Debug */ = {
			isa = XCBuildConfiguration;
			baseConfigurationReference = 07626956D90B9F198AC842B7 /* Pods-WatchTerm.debug.xcconfig */;
			buildSettings = {
				ASSETCATALOG_COMPILER_APPICON_NAME = AppIcon;
				CODE_SIGN_STYLE = Automatic;
				DEVELOPMENT_TEAM = B8C8RXSHKT;
				INFOPLIST_FILE = WatchTerm/Info.plist;
				LD_RUNPATH_SEARCH_PATHS = (
					"$(inherited)",
					"@executable_path/Frameworks",
				);
				PRODUCT_BUNDLE_IDENTIFIER = LesGarcons.WatchTerm;
				PRODUCT_NAME = "$(TARGET_NAME)";
				SWIFT_VERSION = 5.0;
				TARGETED_DEVICE_FAMILY = "1,2";
			};
			name = Debug;
		};
		B85A07DF2238021600CCB039 /* Release */ = {
			isa = XCBuildConfiguration;
			baseConfigurationReference = 474B68D10F429DCD40DB3BA9 /* Pods-WatchTerm.release.xcconfig */;
			buildSettings = {
				ASSETCATALOG_COMPILER_APPICON_NAME = AppIcon;
				CODE_SIGN_STYLE = Automatic;
				DEVELOPMENT_TEAM = B8C8RXSHKT;
				INFOPLIST_FILE = WatchTerm/Info.plist;
				LD_RUNPATH_SEARCH_PATHS = (
					"$(inherited)",
					"@executable_path/Frameworks",
				);
				PRODUCT_BUNDLE_IDENTIFIER = LesGarcons.WatchTerm;
				PRODUCT_NAME = "$(TARGET_NAME)";
				SWIFT_VERSION = 5.0;
				TARGETED_DEVICE_FAMILY = "1,2";
			};
			name = Release;
		};
/* End XCBuildConfiguration section */

/* Begin XCConfigurationList section */
		B85A079C2238021400CCB039 /* Build configuration list for PBXProject "WatchTerm" */ = {
			isa = XCConfigurationList;
			buildConfigurations = (
				B85A07D32238021600CCB039 /* Debug */,
				B85A07D42238021600CCB039 /* Release */,
			);
			defaultConfigurationIsVisible = 0;
			defaultConfigurationName = Release;
		};
		B85A07D52238021600CCB039 /* Build configuration list for PBXNativeTarget "WatchTerm WatchKit Extension" */ = {
			isa = XCConfigurationList;
			buildConfigurations = (
				B85A07D62238021600CCB039 /* Debug */,
				B85A07D72238021600CCB039 /* Release */,
			);
			defaultConfigurationIsVisible = 0;
			defaultConfigurationName = Release;
		};
		B85A07D92238021600CCB039 /* Build configuration list for PBXNativeTarget "WatchTerm WatchKit App" */ = {
			isa = XCConfigurationList;
			buildConfigurations = (
				B85A07DA2238021600CCB039 /* Debug */,
				B85A07DB2238021600CCB039 /* Release */,
			);
			defaultConfigurationIsVisible = 0;
			defaultConfigurationName = Release;
		};
		B85A07DD2238021600CCB039 /* Build configuration list for PBXNativeTarget "WatchTerm" */ = {
			isa = XCConfigurationList;
			buildConfigurations = (
				B85A07DE2238021600CCB039 /* Debug */,
				B85A07DF2238021600CCB039 /* Release */,
			);
			defaultConfigurationIsVisible = 0;
			defaultConfigurationName = Release;
		};
/* End XCConfigurationList section */
	};
	rootObject = B85A07992238021400CCB039 /* Project object */;
}
